// !$*UTF8*$!
{
	archiveVersion = 1;
	classes = {
	};
	objectVersion = 56;
	objects = {

/* Begin PBXBuildFile section */
		D90785762A8C931F005709E3 /* Todo.swift in Sources */ = {isa = PBXBuildFile; fileRef = D90785752A8C931F005709E3 /* Todo.swift */; };
		D90785782A905F12005709E3 /* TodoManager.swift in Sources */ = {isa = PBXBuildFile; fileRef = D90785772A905F12005709E3 /* TodoManager.swift */; };
		D9BDB16C2A8A3CFB00BFE5C4 /* TheTodoApp.swift in Sources */ = {isa = PBXBuildFile; fileRef = D9BDB16B2A8A3CFB00BFE5C4 /* TheTodoApp.swift */; };
		D9BDB16E2A8A3CFB00BFE5C4 /* ContentView.swift in Sources */ = {isa = PBXBuildFile; fileRef = D9BDB16D2A8A3CFB00BFE5C4 /* ContentView.swift */; };
		D9BDB1702A8A3CFD00BFE5C4 /* Assets.xcassets in Resources */ = {isa = PBXBuildFile; fileRef = D9BDB16F2A8A3CFD00BFE5C4 /* Assets.xcassets */; };
		D9BDB1732A8A3CFD00BFE5C4 /* Preview Assets.xcassets in Resources */ = {isa = PBXBuildFile; fileRef = D9BDB1722A8A3CFD00BFE5C4 /* Preview Assets.xcassets */; };
		D9BDB1962A8A3F3300BFE5C4 /* NewTaskView.swift in Sources */ = {isa = PBXBuildFile; fileRef = D9BDB1952A8A3F3300BFE5C4 /* NewTaskView.swift */; };
		D9BDB19A2A8A433F00BFE5C4 /* TasksView.swift in Sources */ = {isa = PBXBuildFile; fileRef = D9BDB1992A8A433F00BFE5C4 /* TasksView.swift */; };
/* End PBXBuildFile section */

/* Begin PBXContainerItemProxy section */
		D9BDB1792A8A3CFD00BFE5C4 /* PBXContainerItemProxy */ = {
			isa = PBXContainerItemProxy;
			containerPortal = D9BDB1602A8A3CFB00BFE5C4 /* Project object */;
			proxyType = 1;
			remoteGlobalIDString = D9BDB1672A8A3CFB00BFE5C4;
			remoteInfo = TheTodo;
		};
		D9BDB1832A8A3CFD00BFE5C4 /* PBXContainerItemProxy */ = {
			isa = PBXContainerItemProxy;
			containerPortal = D9BDB1602A8A3CFB00BFE5C4 /* Project object */;
			proxyType = 1;
			remoteGlobalIDString = D9BDB1672A8A3CFB00BFE5C4;
			remoteInfo = TheTodo;
		};
/* End PBXContainerItemProxy section */

/* Begin PBXFileReference section */
		D90785752A8C931F005709E3 /* Todo.swift */ = {isa = PBXFileReference; lastKnownFileType = sourcecode.swift; path = Todo.swift; sourceTree = "<group>"; };
		D90785772A905F12005709E3 /* TodoManager.swift */ = {isa = PBXFileReference; lastKnownFileType = sourcecode.swift; path = TodoManager.swift; sourceTree = "<group>"; };
		D9BDB1682A8A3CFB00BFE5C4 /* TheTodo.app */ = {isa = PBXFileReference; explicitFileType = wrapper.application; includeInIndex = 0; path = TheTodo.app; sourceTree = BUILT_PRODUCTS_DIR; };
		D9BDB16B2A8A3CFB00BFE5C4 /* TheTodoApp.swift */ = {isa = PBXFileReference; lastKnownFileType = sourcecode.swift; path = TheTodoApp.swift; sourceTree = "<group>"; };
		D9BDB16D2A8A3CFB00BFE5C4 /* ContentView.swift */ = {isa = PBXFileReference; lastKnownFileType = sourcecode.swift; path = ContentView.swift; sourceTree = "<group>"; };
		D9BDB16F2A8A3CFD00BFE5C4 /* Assets.xcassets */ = {isa = PBXFileReference; lastKnownFileType = folder.assetcatalog; path = Assets.xcassets; sourceTree = "<group>"; };
		D9BDB1722A8A3CFD00BFE5C4 /* Preview Assets.xcassets */ = {isa = PBXFileReference; lastKnownFileType = folder.assetcatalog; path = "Preview Assets.xcassets"; sourceTree = "<group>"; };
		D9BDB1782A8A3CFD00BFE5C4 /* TheTodoTests.xctest */ = {isa = PBXFileReference; explicitFileType = wrapper.cfbundle; includeInIndex = 0; path = TheTodoTests.xctest; sourceTree = BUILT_PRODUCTS_DIR; };
		D9BDB1822A8A3CFD00BFE5C4 /* TheTodoUITests.xctest */ = {isa = PBXFileReference; explicitFileType = wrapper.cfbundle; includeInIndex = 0; path = TheTodoUITests.xctest; sourceTree = BUILT_PRODUCTS_DIR; };
		D9BDB1952A8A3F3300BFE5C4 /* NewTaskView.swift */ = {isa = PBXFileReference; lastKnownFileType = sourcecode.swift; path = NewTaskView.swift; sourceTree = "<group>"; };
		D9BDB1992A8A433F00BFE5C4 /* TasksView.swift */ = {isa = PBXFileReference; lastKnownFileType = sourcecode.swift; path = TasksView.swift; sourceTree = "<group>"; };
/* End PBXFileReference section */

/* Begin PBXFrameworksBuildPhase section */
		D9BDB1652A8A3CFB00BFE5C4 /* Frameworks */ = {
			isa = PBXFrameworksBuildPhase;
			buildActionMask = 2147483647;
			files = (
			);
			runOnlyForDeploymentPostprocessing = 0;
		};
		D9BDB1752A8A3CFD00BFE5C4 /* Frameworks */ = {
			isa = PBXFrameworksBuildPhase;
			buildActionMask = 2147483647;
			files = (
			);
			runOnlyForDeploymentPostprocessing = 0;
		};
		D9BDB17F2A8A3CFD00BFE5C4 /* Frameworks */ = {
			isa = PBXFrameworksBuildPhase;
			buildActionMask = 2147483647;
			files = (
			);
			runOnlyForDeploymentPostprocessing = 0;
		};
/* End PBXFrameworksBuildPhase section */

/* Begin PBXGroup section */
		D9BDB15F2A8A3CFB00BFE5C4 = {
			isa = PBXGroup;
			children = (
				D9BDB16A2A8A3CFB00BFE5C4 /* TheTodo */,
				D9BDB1692A8A3CFB00BFE5C4 /* Products */,
			);
			sourceTree = "<group>";
		};
		D9BDB1692A8A3CFB00BFE5C4 /* Products */ = {
			isa = PBXGroup;
			children = (
				D9BDB1682A8A3CFB00BFE5C4 /* TheTodo.app */,
				D9BDB1782A8A3CFD00BFE5C4 /* TheTodoTests.xctest */,
				D9BDB1822A8A3CFD00BFE5C4 /* TheTodoUITests.xctest */,
			);
			name = Products;
			sourceTree = "<group>";
		};
		D9BDB16A2A8A3CFB00BFE5C4 /* TheTodo */ = {
			isa = PBXGroup;
			children = (
				D9BDB16B2A8A3CFB00BFE5C4 /* TheTodoApp.swift */,
				D9BDB16D2A8A3CFB00BFE5C4 /* ContentView.swift */,
				D9BDB1952A8A3F3300BFE5C4 /* NewTaskView.swift */,
				D9BDB1992A8A433F00BFE5C4 /* TasksView.swift */,
				D90785752A8C931F005709E3 /* Todo.swift */,
				D90785772A905F12005709E3 /* TodoManager.swift */,
				D9BDB16F2A8A3CFD00BFE5C4 /* Assets.xcassets */,
				D9BDB1712A8A3CFD00BFE5C4 /* Preview Content */,
			);
			path = TheTodo;
			sourceTree = "<group>";
		};
		D9BDB1712A8A3CFD00BFE5C4 /* Preview Content */ = {
			isa = PBXGroup;
			children = (
				D9BDB1722A8A3CFD00BFE5C4 /* Preview Assets.xcassets */,
			);
			path = "Preview Content";
			sourceTree = "<group>";
		};
/* End PBXGroup section */

/* Begin PBXNativeTarget section */
		D9BDB1672A8A3CFB00BFE5C4 /* TheTodo */ = {
			isa = PBXNativeTarget;
			buildConfigurationList = D9BDB18C2A8A3CFD00BFE5C4 /* Build configuration list for PBXNativeTarget "TheTodo" */;
			buildPhases = (
				D9BDB1642A8A3CFB00BFE5C4 /* Sources */,
				D9BDB1652A8A3CFB00BFE5C4 /* Frameworks */,
				D9BDB1662A8A3CFB00BFE5C4 /* Resources */,
			);
			buildRules = (
			);
			dependencies = (
			);
			name = TheTodo;
			productName = TheTodo;
			productReference = D9BDB1682A8A3CFB00BFE5C4 /* TheTodo.app */;
			productType = "com.apple.product-type.application";
		};
		D9BDB1772A8A3CFD00BFE5C4 /* TheTodoTests */ = {
			isa = PBXNativeTarget;
			buildConfigurationList = D9BDB18F2A8A3CFD00BFE5C4 /* Build configuration list for PBXNativeTarget "TheTodoTests" */;
			buildPhases = (
				D9BDB1742A8A3CFD00BFE5C4 /* Sources */,
				D9BDB1752A8A3CFD00BFE5C4 /* Frameworks */,
				D9BDB1762A8A3CFD00BFE5C4 /* Resources */,
			);
			buildRules = (
			);
			dependencies = (
				D9BDB17A2A8A3CFD00BFE5C4 /* PBXTargetDependency */,
			);
			name = TheTodoTests;
			productName = TheTodoTests;
			productReference = D9BDB1782A8A3CFD00BFE5C4 /* TheTodoTests.xctest */;
			productType = "com.apple.product-type.bundle.unit-test";
		};
		D9BDB1812A8A3CFD00BFE5C4 /* TheTodoUITests */ = {
			isa = PBXNativeTarget;
			buildConfigurationList = D9BDB1922A8A3CFD00BFE5C4 /* Build configuration list for PBXNativeTarget "TheTodoUITests" */;
			buildPhases = (
				D9BDB17E2A8A3CFD00BFE5C4 /* Sources */,
				D9BDB17F2A8A3CFD00BFE5C4 /* Frameworks */,
				D9BDB1802A8A3CFD00BFE5C4 /* Resources */,
			);
			buildRules = (
			);
			dependencies = (
				D9BDB1842A8A3CFD00BFE5C4 /* PBXTargetDependency */,
			);
			name = TheTodoUITests;
			productName = TheTodoUITests;
			productReference = D9BDB1822A8A3CFD00BFE5C4 /* TheTodoUITests.xctest */;
			productType = "com.apple.product-type.bundle.ui-testing";
		};
/* End PBXNativeTarget section */

/* Begin PBXProject section */
		D9BDB1602A8A3CFB00BFE5C4 /* Project object */ = {
			isa = PBXProject;
			attributes = {
				BuildIndependentTargetsInParallel = 1;
				LastSwiftUpdateCheck = 1420;
				LastUpgradeCheck = 1420;
				TargetAttributes = {
					D9BDB1672A8A3CFB00BFE5C4 = {
						CreatedOnToolsVersion = 14.2;
					};
					D9BDB1772A8A3CFD00BFE5C4 = {
						CreatedOnToolsVersion = 14.2;
						TestTargetID = D9BDB1672A8A3CFB00BFE5C4;
					};
					D9BDB1812A8A3CFD00BFE5C4 = {
						CreatedOnToolsVersion = 14.2;
						TestTargetID = D9BDB1672A8A3CFB00BFE5C4;
					};
				};
			};
			buildConfigurationList = D9BDB1632A8A3CFB00BFE5C4 /* Build configuration list for PBXProject "TheTodo" */;
			compatibilityVersion = "Xcode 14.0";
			developmentRegion = en;
			hasScannedForEncodings = 0;
			knownRegions = (
				en,
				Base,
			);
			mainGroup = D9BDB15F2A8A3CFB00BFE5C4;
			productRefGroup = D9BDB1692A8A3CFB00BFE5C4 /* Products */;
			projectDirPath = "";
			projectRoot = "";
			targets = (
				D9BDB1672A8A3CFB00BFE5C4 /* TheTodo */,
				D9BDB1772A8A3CFD00BFE5C4 /* TheTodoTests */,
				D9BDB1812A8A3CFD00BFE5C4 /* TheTodoUITests */,
			);
		};
/* End PBXProject section */

/* Begin PBXResourcesBuildPhase section */
		D9BDB1662A8A3CFB00BFE5C4 /* Resources */ = {
			isa = PBXResourcesBuildPhase;
			buildActionMask = 2147483647;
			files = (
				D9BDB1732A8A3CFD00BFE5C4 /* Preview Assets.xcassets in Resources */,
				D9BDB1702A8A3CFD00BFE5C4 /* Assets.xcassets in Resources */,
			);
			runOnlyForDeploymentPostprocessing = 0;
		};
		D9BDB1762A8A3CFD00BFE5C4 /* Resources */ = {
			isa = PBXResourcesBuildPhase;
			buildActionMask = 2147483647;
			files = (
			);
			runOnlyForDeploymentPostprocessing = 0;
		};
		D9BDB1802A8A3CFD00BFE5C4 /* Resources */ = {
			isa = PBXResourcesBuildPhase;
			buildActionMask = 2147483647;
			files = (
			);
			runOnlyForDeploymentPostprocessing = 0;
		};
/* End PBXResourcesBuildPhase section */

/* Begin PBXSourcesBuildPhase section */
		D9BDB1642A8A3CFB00BFE5C4 /* Sources */ = {
			isa = PBXSourcesBuildPhase;
			buildActionMask = 2147483647;
			files = (
				D9BDB1962A8A3F3300BFE5C4 /* NewTaskView.swift in Sources */,
				D90785782A905F12005709E3 /* TodoManager.swift in Sources */,
				D9BDB16E2A8A3CFB00BFE5C4 /* ContentView.swift in Sources */,
				D9BDB16C2A8A3CFB00BFE5C4 /* TheTodoApp.swift in Sources */,
				D9BDB19A2A8A433F00BFE5C4 /* TasksView.swift in Sources */,
				D90785762A8C931F005709E3 /* Todo.swift in Sources */,
			);
			runOnlyForDeploymentPostprocessing = 0;
		};
		D9BDB1742A8A3CFD00BFE5C4 /* Sources */ = {
			isa = PBXSourcesBuildPhase;
			buildActionMask = 2147483647;
			files = (
			);
			runOnlyForDeploymentPostprocessing = 0;
		};
		D9BDB17E2A8A3CFD00BFE5C4 /* Sources */ = {
			isa = PBXSourcesBuildPhase;
			buildActionMask = 2147483647;
			files = (
			);
			runOnlyForDeploymentPostprocessing = 0;
		};
/* End PBXSourcesBuildPhase section */

/* Begin PBXTargetDependency section */
		D9BDB17A2A8A3CFD00BFE5C4 /* PBXTargetDependency */ = {
			isa = PBXTargetDependency;
			target = D9BDB1672A8A3CFB00BFE5C4 /* TheTodo */;
			targetProxy = D9BDB1792A8A3CFD00BFE5C4 /* PBXContainerItemProxy */;
		};
		D9BDB1842A8A3CFD00BFE5C4 /* PBXTargetDependency */ = {
			isa = PBXTargetDependency;
			target = D9BDB1672A8A3CFB00BFE5C4 /* TheTodo */;
			targetProxy = D9BDB1832A8A3CFD00BFE5C4 /* PBXContainerItemProxy */;
		};
/* End PBXTargetDependency section */

/* Begin XCBuildConfiguration section */
		D9BDB18A2A8A3CFD00BFE5C4 /* Debug */ = {
			isa = XCBuildConfiguration;
			buildSettings = {
				ALWAYS_SEARCH_USER_PATHS = NO;
				CLANG_ANALYZER_NONNULL = YES;
				CLANG_ANALYZER_NUMBER_OBJECT_CONVERSION = YES_AGGRESSIVE;
				CLANG_CXX_LANGUAGE_STANDARD = "gnu++20";
				CLANG_ENABLE_MODULES = YES;
				CLANG_ENABLE_OBJC_ARC = YES;
				CLANG_ENABLE_OBJC_WEAK = YES;
				CLANG_WARN_BLOCK_CAPTURE_AUTORELEASING = YES;
				CLANG_WARN_BOOL_CONVERSION = YES;
				CLANG_WARN_COMMA = YES;
				CLANG_WARN_CONSTANT_CONVERSION = YES;
				CLANG_WARN_DEPRECATED_OBJC_IMPLEMENTATIONS = YES;
				CLANG_WARN_DIRECT_OBJC_ISA_USAGE = YES_ERROR;
				CLANG_WARN_DOCUMENTATION_COMMENTS = YES;
				CLANG_WARN_EMPTY_BODY = YES;
				CLANG_WARN_ENUM_CONVERSION = YES;
				CLANG_WARN_INFINITE_RECURSION = YES;
				CLANG_WARN_INT_CONVERSION = YES;
				CLANG_WARN_NON_LITERAL_NULL_CONVERSION = YES;
				CLANG_WARN_OBJC_IMPLICIT_RETAIN_SELF = YES;
				CLANG_WARN_OBJC_LITERAL_CONVERSION = YES;
				CLANG_WARN_OBJC_ROOT_CLASS = YES_ERROR;
				CLANG_WARN_QUOTED_INCLUDE_IN_FRAMEWORK_HEADER = YES;
				CLANG_WARN_RANGE_LOOP_ANALYSIS = YES;
				CLANG_WARN_STRICT_PROTOTYPES = YES;
				CLANG_WARN_SUSPICIOUS_MOVE = YES;
				CLANG_WARN_UNGUARDED_AVAILABILITY = YES_AGGRESSIVE;
				CLANG_WARN_UNREACHABLE_CODE = YES;
				CLANG_WARN__DUPLICATE_METHOD_MATCH = YES;
				COPY_PHASE_STRIP = NO;
				DEBUG_INFORMATION_FORMAT = dwarf;
				ENABLE_STRICT_OBJC_MSGSEND = YES;
				ENABLE_TESTABILITY = YES;
				GCC_C_LANGUAGE_STANDARD = gnu11;
				GCC_DYNAMIC_NO_PIC = NO;
				GCC_NO_COMMON_BLOCKS = YES;
				GCC_OPTIMIZATION_LEVEL = 0;
				GCC_PREPROCESSOR_DEFINITIONS = (
					"DEBUG=1",
					"$(inherited)",
				);
				GCC_WARN_64_TO_32_BIT_CONVERSION = YES;
				GCC_WARN_ABOUT_RETURN_TYPE = YES_ERROR;
				GCC_WARN_UNDECLARED_SELECTOR = YES;
				GCC_WARN_UNINITIALIZED_AUTOS = YES_AGGRESSIVE;
				GCC_WARN_UNUSED_FUNCTION = YES;
				GCC_WARN_UNUSED_VARIABLE = YES;
				IPHONEOS_DEPLOYMENT_TARGET = 16.2;
				MTL_ENABLE_DEBUG_INFO = INCLUDE_SOURCE;
				MTL_FAST_MATH = YES;
				ONLY_ACTIVE_ARCH = YES;
				SDKROOT = iphoneos;
				SWIFT_ACTIVE_COMPILATION_CONDITIONS = DEBUG;
				SWIFT_OPTIMIZATION_LEVEL = "-Onone";
			};
			name = Debug;
		};
		D9BDB18B2A8A3CFD00BFE5C4 /* Release */ = {
			isa = XCBuildConfiguration;
			buildSettings = {
				ALWAYS_SEARCH_USER_PATHS = NO;
				CLANG_ANALYZER_NONNULL = YES;
				CLANG_ANALYZER_NUMBER_OBJECT_CONVERSION = YES_AGGRESSIVE;
				CLANG_CXX_LANGUAGE_STANDARD = "gnu++20";
				CLANG_ENABLE_MODULES = YES;
				CLANG_ENABLE_OBJC_ARC = YES;
				CLANG_ENABLE_OBJC_WEAK = YES;
				CLANG_WARN_BLOCK_CAPTURE_AUTORELEASING = YES;
				CLANG_WARN_BOOL_CONVERSION = YES;
				CLANG_WARN_COMMA = YES;
				CLANG_WARN_CONSTANT_CONVERSION = YES;
				CLANG_WARN_DEPRECATED_OBJC_IMPLEMENTATIONS = YES;
				CLANG_WARN_DIRECT_OBJC_ISA_USAGE = YES_ERROR;
				CLANG_WARN_DOCUMENTATION_COMMENTS = YES;
				CLANG_WARN_EMPTY_BODY = YES;
				CLANG_WARN_ENUM_CONVERSION = YES;
				CLANG_WARN_INFINITE_RECURSION = YES;
				CLANG_WARN_INT_CONVERSION = YES;
				CLANG_WARN_NON_LITERAL_NULL_CONVERSION = YES;
				CLANG_WARN_OBJC_IMPLICIT_RETAIN_SELF = YES;
				CLANG_WARN_OBJC_LITERAL_CONVERSION = YES;
				CLANG_WARN_OBJC_ROOT_CLASS = YES_ERROR;
				CLANG_WARN_QUOTED_INCLUDE_IN_FRAMEWORK_HEADER = YES;
				CLANG_WARN_RANGE_LOOP_ANALYSIS = YES;
				CLANG_WARN_STRICT_PROTOTYPES = YES;
				CLANG_WARN_SUSPICIOUS_MOVE = YES;
				CLANG_WARN_UNGUARDED_AVAILABILITY = YES_AGGRESSIVE;
				CLANG_WARN_UNREACHABLE_CODE = YES;
				CLANG_WARN__DUPLICATE_METHOD_MATCH = YES;
				COPY_PHASE_STRIP = NO;
				DEBUG_INFORMATION_FORMAT = "dwarf-with-dsym";
				ENABLE_NS_ASSERTIONS = NO;
				ENABLE_STRICT_OBJC_MSGSEND = YES;
				GCC_C_LANGUAGE_STANDARD = gnu11;
				GCC_NO_COMMON_BLOCKS = YES;
				GCC_WARN_64_TO_32_BIT_CONVERSION = YES;
				GCC_WARN_ABOUT_RETURN_TYPE = YES_ERROR;
				GCC_WARN_UNDECLARED_SELECTOR = YES;
				GCC_WARN_UNINITIALIZED_AUTOS = YES_AGGRESSIVE;
				GCC_WARN_UNUSED_FUNCTION = YES;
				GCC_WARN_UNUSED_VARIABLE = YES;
				IPHONEOS_DEPLOYMENT_TARGET = 16.2;
				MTL_ENABLE_DEBUG_INFO = NO;
				MTL_FAST_MATH = YES;
				SDKROOT = iphoneos;
				SWIFT_COMPILATION_MODE = wholemodule;
				SWIFT_OPTIMIZATION_LEVEL = "-O";
				VALIDATE_PRODUCT = YES;
			};
			name = Release;
		};
		D9BDB18D2A8A3CFD00BFE5C4 /* Debug */ = {
			isa = XCBuildConfiguration;
			buildSettings = {
				ASSETCATALOG_COMPILER_APPICON_NAME = AppIcon;
				ASSETCATALOG_COMPILER_GLOBAL_ACCENT_COLOR_NAME = AccentColor;
				CODE_SIGN_STYLE = Automatic;
				CURRENT_PROJECT_VERSION = 1;
				DEVELOPMENT_ASSET_PATHS = "\"TheTodo/Preview Content\"";
				ENABLE_PREVIEWS = YES;
				GENERATE_INFOPLIST_FILE = YES;
				INFOPLIST_KEY_UIApplicationSceneManifest_Generation = YES;
				INFOPLIST_KEY_UIApplicationSupportsIndirectInputEvents = YES;
				INFOPLIST_KEY_UILaunchScreen_Generation = YES;
				INFOPLIST_KEY_UISupportedInterfaceOrientations_iPad = "UIInterfaceOrientationPortrait UIInterfaceOrientationPortraitUpsideDown UIInterfaceOrientationLandscapeLeft UIInterfaceOrientationLandscapeRight";
				INFOPLIST_KEY_UISupportedInterfaceOrientations_iPhone = "UIInterfaceOrientationPortrait UIInterfaceOrientationLandscapeLeft UIInterfaceOrientationLandscapeRight";
				LD_RUNPATH_SEARCH_PATHS = (
					"$(inherited)",
					"@executable_path/Frameworks",
				);
				MARKETING_VERSION = 1.0;
				PRODUCT_BUNDLE_IDENTIFIER = sg.tk.TheTodo;
				PRODUCT_NAME = "$(TARGET_NAME)";
				SWIFT_EMIT_LOC_STRINGS = YES;
				SWIFT_VERSION = 5.0;
				TARGETED_DEVICE_FAMILY = "1,2";
			};
			name = Debug;
		};
		D9BDB18E2A8A3CFD00BFE5C4 /* Release */ = {
			isa = XCBuildConfiguration;
			buildSettings = {
				ASSETCATALOG_COMPILER_APPICON_NAME = AppIcon;
				ASSETCATALOG_COMPILER_GLOBAL_ACCENT_COLOR_NAME = AccentColor;
				CODE_SIGN_STYLE = Automatic;
				CURRENT_PROJECT_VERSION = 1;
				DEVELOPMENT_ASSET_PATHS = "\"TheTodo/Preview Content\"";
				ENABLE_PREVIEWS = YES;
				GENERATE_INFOPLIST_FILE = YES;
				INFOPLIST_KEY_UIApplicationSceneManifest_Generation = YES;
				INFOPLIST_KEY_UIApplicationSupportsIndirectInputEvents = YES;
				INFOPLIST_KEY_UILaunchScreen_Generation = YES;
				INFOPLIST_KEY_UISupportedInterfaceOrientations_iPad = "UIInterfaceOrientationPortrait UIInterfaceOrientationPortraitUpsideDown UIInterfaceOrientationLandscapeLeft UIInterfaceOrientationLandscapeRight";
				INFOPLIST_KEY_UISupportedInterfaceOrientations_iPhone = "UIInterfaceOrientationPortrait UIInterfaceOrientationLandscapeLeft UIInterfaceOrientationLandscapeRight";
				LD_RUNPATH_SEARCH_PATHS = (
					"$(inherited)",
					"@executable_path/Frameworks",
				);
				MARKETING_VERSION = 1.0;
				PRODUCT_BUNDLE_IDENTIFIER = sg.tk.TheTodo;
				PRODUCT_NAME = "$(TARGET_NAME)";
				SWIFT_EMIT_LOC_STRINGS = YES;
				SWIFT_VERSION = 5.0;
				TARGETED_DEVICE_FAMILY = "1,2";
			};
			name = Release;
		};
		D9BDB1902A8A3CFD00BFE5C4 /* Debug */ = {
			isa = XCBuildConfiguration;
			buildSettings = {
				ALWAYS_EMBED_SWIFT_STANDARD_LIBRARIES = YES;
				BUNDLE_LOADER = "$(TEST_HOST)";
				CODE_SIGN_STYLE = Automatic;
				CURRENT_PROJECT_VERSION = 1;
				GENERATE_INFOPLIST_FILE = YES;
				IPHONEOS_DEPLOYMENT_TARGET = 16.2;
				MARKETING_VERSION = 1.0;
				PRODUCT_BUNDLE_IDENTIFIER = sg.tk.TheTodoTests;
				PRODUCT_NAME = "$(TARGET_NAME)";
				SWIFT_EMIT_LOC_STRINGS = NO;
				SWIFT_VERSION = 5.0;
				TARGETED_DEVICE_FAMILY = "1,2";
				TEST_HOST = "$(BUILT_PRODUCTS_DIR)/TheTodo.app/$(BUNDLE_EXECUTABLE_FOLDER_PATH)/TheTodo";
			};
			name = Debug;
		};
		D9BDB1912A8A3CFD00BFE5C4 /* Release */ = {
			isa = XCBuildConfiguration;
			buildSettings = {
				ALWAYS_EMBED_SWIFT_STANDARD_LIBRARIES = YES;
				BUNDLE_LOADER = "$(TEST_HOST)";
				CODE_SIGN_STYLE = Automatic;
				CURRENT_PROJECT_VERSION = 1;
				GENERATE_INFOPLIST_FILE = YES;
				IPHONEOS_DEPLOYMENT_TARGET = 16.2;
				MARKETING_VERSION = 1.0;
				PRODUCT_BUNDLE_IDENTIFIER = sg.tk.TheTodoTests;
				PRODUCT_NAME = "$(TARGET_NAME)";
				SWIFT_EMIT_LOC_STRINGS = NO;
				SWIFT_VERSION = 5.0;
				TARGETED_DEVICE_FAMILY = "1,2";
				TEST_HOST = "$(BUILT_PRODUCTS_DIR)/TheTodo.app/$(BUNDLE_EXECUTABLE_FOLDER_PATH)/TheTodo";
			};
			name = Release;
		};
		D9BDB1932A8A3CFD00BFE5C4 /* Debug */ = {
			isa = XCBuildConfiguration;
			buildSettings = {
				ALWAYS_EMBED_SWIFT_STANDARD_LIBRARIES = YES;
				CODE_SIGN_STYLE = Automatic;
				CURRENT_PROJECT_VERSION = 1;
				GENERATE_INFOPLIST_FILE = YES;
				MARKETING_VERSION = 1.0;
				PRODUCT_BUNDLE_IDENTIFIER = sg.tk.TheTodoUITests;
				PRODUCT_NAME = "$(TARGET_NAME)";
				SWIFT_EMIT_LOC_STRINGS = NO;
				SWIFT_VERSION = 5.0;
				TARGETED_DEVICE_FAMILY = "1,2";
				TEST_TARGET_NAME = TheTodo;
			};
			name = Debug;
		};
		D9BDB1942A8A3CFD00BFE5C4 /* Release */ = {
			isa = XCBuildConfiguration;
			buildSettings = {
				ALWAYS_EMBED_SWIFT_STANDARD_LIBRARIES = YES;
				CODE_SIGN_STYLE = Automatic;
				CURRENT_PROJECT_VERSION = 1;
				GENERATE_INFOPLIST_FILE = YES;
				MARKETING_VERSION = 1.0;
				PRODUCT_BUNDLE_IDENTIFIER = sg.tk.TheTodoUITests;
				PRODUCT_NAME = "$(TARGET_NAME)";
				SWIFT_EMIT_LOC_STRINGS = NO;
				SWIFT_VERSION = 5.0;
				TARGETED_DEVICE_FAMILY = "1,2";
				TEST_TARGET_NAME = TheTodo;
			};
			name = Release;
		};
/* End XCBuildConfiguration section */

/* Begin XCConfigurationList section */
		D9BDB1632A8A3CFB00BFE5C4 /* Build configuration list for PBXProject "TheTodo" */ = {
			isa = XCConfigurationList;
			buildConfigurations = (
				D9BDB18A2A8A3CFD00BFE5C4 /* Debug */,
				D9BDB18B2A8A3CFD00BFE5C4 /* Release */,
			);
			defaultConfigurationIsVisible = 0;
			defaultConfigurationName = Release;
		};
		D9BDB18C2A8A3CFD00BFE5C4 /* Build configuration list for PBXNativeTarget "TheTodo" */ = {
			isa = XCConfigurationList;
			buildConfigurations = (
				D9BDB18D2A8A3CFD00BFE5C4 /* Debug */,
				D9BDB18E2A8A3CFD00BFE5C4 /* Release */,
			);
			defaultConfigurationIsVisible = 0;
			defaultConfigurationName = Release;
		};
		D9BDB18F2A8A3CFD00BFE5C4 /* Build configuration list for PBXNativeTarget "TheTodoTests" */ = {
			isa = XCConfigurationList;
			buildConfigurations = (
				D9BDB1902A8A3CFD00BFE5C4 /* Debug */,
				D9BDB1912A8A3CFD00BFE5C4 /* Release */,
			);
			defaultConfigurationIsVisible = 0;
			defaultConfigurationName = Release;
		};
		D9BDB1922A8A3CFD00BFE5C4 /* Build configuration list for PBXNativeTarget "TheTodoUITests" */ = {
			isa = XCConfigurationList;
			buildConfigurations = (
				D9BDB1932A8A3CFD00BFE5C4 /* Debug */,
				D9BDB1942A8A3CFD00BFE5C4 /* Release */,
			);
			defaultConfigurationIsVisible = 0;
			defaultConfigurationName = Release;
		};
/* End XCConfigurationList section */
	};
	rootObject = D9BDB1602A8A3CFB00BFE5C4 /* Project object */;
}
